
Microsoft Visual Studio Solution File, Format Version 12.00
# Visual Studio 14
VisualStudioVersion = 14.0.25420.1
MinimumVisualStudioVersion = 10.0.40219.1
Project("{FAE04EC0-301F-11D3-BF4B-00C04F79EFBC}") = "CBC_EMSManagers", "Managers\CBC_EMSManagers.csproj", "{F7A4FC22-3ABB-445F-95BF-A47337DB9F35}"
EndProject
Project("{FAE04EC0-301F-11D3-BF4B-00C04F79EFBC}") = "CBC_EMSEntities", "CBC_EMSModels\CBC_EMSEntities.csproj", "{3FC4BE83-CB4E-4E58-9DD3-F8A25F27077B}"
EndProject
Project("{FAE04EC0-301F-11D3-BF4B-00C04F79EFBC}") = "CBC_APIDataAccess", "CBC_EMSDataAccess\CBC_APIDataAccess.csproj", "{0CC36FB5-CF48-43AC-A1EE-97DA10A9952A}"
EndProject
Project("{FAE04EC0-301F-11D3-BF4B-00C04F79EFBC}") = "CBC_EMSBaseClasses", "CBC_EMSBaseClasses\CBC_EMSBaseClasses.csproj", "{E6D3065C-97EA-491A-8D0F-F07A59D315CF}"
EndProject
Project("{2150E333-8FDC-42A3-9474-1A3956D46DE8}") = "Base Classes", "Base Classes", "{B60B76A1-6A76-4E02-9616-ED49F03F1D02}"
EndProject
Project("{2150E333-8FDC-42A3-9474-1A3956D46DE8}") = "API", "API", "{724CDB87-4D94-4134-AB90-1988D9E49299}"
EndProject
Project("{2150E333-8FDC-42A3-9474-1A3956D46DE8}") = "Business Entities", "Business Entities", "{DBFCBFDC-F82C-42B5-BDAC-62297A38BD14}"
EndProject
Project("{2150E333-8FDC-42A3-9474-1A3956D46DE8}") = "EMS UI", "EMS UI", "{816BA6F3-73FE-4FDA-A440-DAD4865A9627}"
EndProject
Project("{FAE04EC0-301F-11D3-BF4B-00C04F79EFBC}") = "CBC_EMSApiTranslators", "CBC_EMSApiTranslators\CBC_EMSApiTranslators.csproj", "{C066D76F-CB94-40F8-B725-868152676153}"
EndProject
Project("{FAE04EC0-301F-11D3-BF4B-00C04F79EFBC}") = "CBC_EMSApiIntegrator", "CBC_EMSApiIntegrator\CBC_EMSApiIntegrator.csproj", "{5F24A0D9-3CC9-4DEC-8875-7F6B8E5A1381}"
EndProject
Project("{2150E333-8FDC-42A3-9474-1A3956D46DE8}") = "CBC_EMSIntegration", "CBC_EMSIntegration", "{1A5CC8EA-128C-49E3-94F0-C52A1496BC6B}"
EndProject
Project("{FAE04EC0-301F-11D3-BF4B-00C04F79EFBC}") = "CBC_APIDataEntitiesV1", "CBC_EMSDataEntities\CBC_APIDataEntitiesV1.csproj", "{40F5B9BD-7ABF-43AB-9004-F901058D6AE9}"
EndProject
Project("{FAE04EC0-301F-11D3-BF4B-00C04F79EFBC}") = "TestApp", "ConsoleApplication1\TestApp.csproj", "{F53C2016-9AEF-454C-BD6B-28F75BA94AE0}"
EndProject
Project("{FAE04EC0-301F-11D3-BF4B-00C04F79EFBC}") = "CBC_EMS_UI", "CBC_EMS_UI\CBC_EMS_UI.csproj", "{2252CF8A-87F8-4B57-863B-AE73ED9A8F7E}"
EndProject
Global
	GlobalSection(SolutionConfigurationPlatforms) = preSolution
		Debug|Any CPU = Debug|Any CPU
		Release|Any CPU = Release|Any CPU
	EndGlobalSection
	GlobalSection(ProjectConfigurationPlatforms) = postSolution
		{F7A4FC22-3ABB-445F-95BF-A47337DB9F35}.Debug|Any CPU.ActiveCfg = Debug|Any CPU
		{F7A4FC22-3ABB-445F-95BF-A47337DB9F35}.Debug|Any CPU.Build.0 = Debug|Any CPU
		{F7A4FC22-3ABB-445F-95BF-A47337DB9F35}.Release|Any CPU.ActiveCfg = Release|Any CPU
		{F7A4FC22-3ABB-445F-95BF-A47337DB9F35}.Release|Any CPU.Build.0 = Release|Any CPU
		{3FC4BE83-CB4E-4E58-9DD3-F8A25F27077B}.Debug|Any CPU.ActiveCfg = Debug|Any CPU
		{3FC4BE83-CB4E-4E58-9DD3-F8A25F27077B}.Debug|Any CPU.Build.0 = Debug|Any CPU
		{3FC4BE83-CB4E-4E58-9DD3-F8A25F27077B}.Release|Any CPU.ActiveCfg = Release|Any CPU
		{3FC4BE83-CB4E-4E58-9DD3-F8A25F27077B}.Release|Any CPU.Build.0 = Release|Any CPU
		{0CC36FB5-CF48-43AC-A1EE-97DA10A9952A}.Debug|Any CPU.ActiveCfg = Debug|Any CPU
		{0CC36FB5-CF48-43AC-A1EE-97DA10A9952A}.Debug|Any CPU.Build.0 = Debug|Any CPU
		{0CC36FB5-CF48-43AC-A1EE-97DA10A9952A}.Release|Any CPU.ActiveCfg = Release|Any CPU
		{0CC36FB5-CF48-43AC-A1EE-97DA10A9952A}.Release|Any CPU.Build.0 = Release|Any CPU
		{E6D3065C-97EA-491A-8D0F-F07A59D315CF}.Debug|Any CPU.ActiveCfg = Debug|Any CPU
		{E6D3065C-97EA-491A-8D0F-F07A59D315CF}.Debug|Any CPU.Build.0 = Debug|Any CPU
		{E6D3065C-97EA-491A-8D0F-F07A59D315CF}.Release|Any CPU.ActiveCfg = Release|Any CPU
		{E6D3065C-97EA-491A-8D0F-F07A59D315CF}.Release|Any CPU.Build.0 = Release|Any CPU
		{C066D76F-CB94-40F8-B725-868152676153}.Debug|Any CPU.ActiveCfg = Debug|Any CPU
		{C066D76F-CB94-40F8-B725-868152676153}.Debug|Any CPU.Build.0 = Debug|Any CPU
		{C066D76F-CB94-40F8-B725-868152676153}.Release|Any CPU.ActiveCfg = Release|Any CPU
		{C066D76F-CB94-40F8-B725-868152676153}.Release|Any CPU.Build.0 = Release|Any CPU
		{5F24A0D9-3CC9-4DEC-8875-7F6B8E5A1381}.Debug|Any CPU.ActiveCfg = Debug|Any CPU
		{5F24A0D9-3CC9-4DEC-8875-7F6B8E5A1381}.Debug|Any CPU.Build.0 = Debug|Any CPU
		{5F24A0D9-3CC9-4DEC-8875-7F6B8E5A1381}.Release|Any CPU.ActiveCfg = Release|Any CPU
		{5F24A0D9-3CC9-4DEC-8875-7F6B8E5A1381}.Release|Any CPU.Build.0 = Release|Any CPU
		{40F5B9BD-7ABF-43AB-9004-F901058D6AE9}.Debug|Any CPU.ActiveCfg = Debug|Any CPU
		{40F5B9BD-7ABF-43AB-9004-F901058D6AE9}.Debug|Any CPU.Build.0 = Debug|Any CPU
		{40F5B9BD-7ABF-43AB-9004-F901058D6AE9}.Release|Any CPU.ActiveCfg = Release|Any CPU
		{40F5B9BD-7ABF-43AB-9004-F901058D6AE9}.Release|Any CPU.Build.0 = Release|Any CPU
		{F53C2016-9AEF-454C-BD6B-28F75BA94AE0}.Debug|Any CPU.ActiveCfg = Debug|Any CPU
		{F53C2016-9AEF-454C-BD6B-28F75BA94AE0}.Debug|Any CPU.Build.0 = Debug|Any CPU
		{F53C2016-9AEF-454C-BD6B-28F75BA94AE0}.Release|Any CPU.ActiveCfg = Release|Any CPU
		{F53C2016-9AEF-454C-BD6B-28F75BA94AE0}.Release|Any CPU.Build.0 = Release|Any CPU
		{2252CF8A-87F8-4B57-863B-AE73ED9A8F7E}.Debug|Any CPU.ActiveCfg = Debug|Any CPU
		{2252CF8A-87F8-4B57-863B-AE73ED9A8F7E}.Debug|Any CPU.Build.0 = Debug|Any CPU
		{2252CF8A-87F8-4B57-863B-AE73ED9A8F7E}.Release|Any CPU.ActiveCfg = Release|Any CPU
		{2252CF8A-87F8-4B57-863B-AE73ED9A8F7E}.Release|Any CPU.Build.0 = Release|Any CPU
	EndGlobalSection
	GlobalSection(SolutionProperties) = preSolution
		HideSolutionNode = FALSE
	EndGlobalSection
	GlobalSection(NestedProjects) = preSolution
		{F7A4FC22-3ABB-445F-95BF-A47337DB9F35} = {816BA6F3-73FE-4FDA-A440-DAD4865A9627}
		{3FC4BE83-CB4E-4E58-9DD3-F8A25F27077B} = {DBFCBFDC-F82C-42B5-BDAC-62297A38BD14}
		{0CC36FB5-CF48-43AC-A1EE-97DA10A9952A} = {724CDB87-4D94-4134-AB90-1988D9E49299}
		{E6D3065C-97EA-491A-8D0F-F07A59D315CF} = {B60B76A1-6A76-4E02-9616-ED49F03F1D02}
		{C066D76F-CB94-40F8-B725-868152676153} = {1A5CC8EA-128C-49E3-94F0-C52A1496BC6B}
		{5F24A0D9-3CC9-4DEC-8875-7F6B8E5A1381} = {1A5CC8EA-128C-49E3-94F0-C52A1496BC6B}
		{40F5B9BD-7ABF-43AB-9004-F901058D6AE9} = {724CDB87-4D94-4134-AB90-1988D9E49299}
		{F53C2016-9AEF-454C-BD6B-28F75BA94AE0} = {724CDB87-4D94-4134-AB90-1988D9E49299}
		{2252CF8A-87F8-4B57-863B-AE73ED9A8F7E} = {816BA6F3-73FE-4FDA-A440-DAD4865A9627}
	EndGlobalSection
EndGlobal
